// !$*UTF8*$!
{
	archiveVersion = 1;
	classes = {
	};
	objectVersion = 50;
	objects = {

/* Begin PBXBuildFile section */
		192446DD25BC50320021B6DB /* NavigationBarView.swift in Sources */ = {isa = PBXBuildFile; fileRef = 192446DC25BC50320021B6DB /* NavigationBarView.swift */; };
		192446E025BC50F60021B6DB /* LogoView.swift in Sources */ = {isa = PBXBuildFile; fileRef = 192446DF25BC50F60021B6DB /* LogoView.swift */; };
		1966470425BC3FA600B11E0B /* TouchDownApp.swift in Sources */ = {isa = PBXBuildFile; fileRef = 1966470325BC3FA600B11E0B /* TouchDownApp.swift */; };
		1966470625BC3FA600B11E0B /* HomeView.swift in Sources */ = {isa = PBXBuildFile; fileRef = 1966470525BC3FA600B11E0B /* HomeView.swift */; };
		1966470825BC3FA700B11E0B /* Assets.xcassets in Resources */ = {isa = PBXBuildFile; fileRef = 1966470725BC3FA700B11E0B /* Assets.xcassets */; };
		1966470B25BC3FA700B11E0B /* Preview Assets.xcassets in Resources */ = {isa = PBXBuildFile; fileRef = 1966470A25BC3FA700B11E0B /* Preview Assets.xcassets */; };
		1966471925BC476000B11E0B /* category.json in Resources */ = {isa = PBXBuildFile; fileRef = 1966471525BC476000B11E0B /* category.json */; };
		1966471A25BC476000B11E0B /* player.json in Resources */ = {isa = PBXBuildFile; fileRef = 1966471625BC476000B11E0B /* player.json */; };
		1966471B25BC476000B11E0B /* product.json in Resources */ = {isa = PBXBuildFile; fileRef = 1966471725BC476000B11E0B /* product.json */; };
		1966471C25BC476000B11E0B /* brand.json in Resources */ = {isa = PBXBuildFile; fileRef = 1966471825BC476000B11E0B /* brand.json */; };
		1966472725BC492500B11E0B /* Constant.swift in Sources */ = {isa = PBXBuildFile; fileRef = 1966472625BC492500B11E0B /* Constant.swift */; };
		1966472B25BC49D200B11E0B /* FooterView.swift in Sources */ = {isa = PBXBuildFile; fileRef = 1966472A25BC49D200B11E0B /* FooterView.swift */; };
		1973CAE625BC78C300B89500 /* PlayerModel.swift in Sources */ = {isa = PBXBuildFile; fileRef = 1973CAE525BC78C300B89500 /* PlayerModel.swift */; };
		1973CAE925BC78E900B89500 /* CodableBundleExtension.swift in Sources */ = {isa = PBXBuildFile; fileRef = 1973CAE825BC78E900B89500 /* CodableBundleExtension.swift */; };
		1973CAEC25BC79F900B89500 /* FeaturedItemView.swift in Sources */ = {isa = PBXBuildFile; fileRef = 1973CAEB25BC79F900B89500 /* FeaturedItemView.swift */; };
		1973CAEF25BC7A6F00B89500 /* FeaturedTabView.swift in Sources */ = {isa = PBXBuildFile; fileRef = 1973CAEE25BC7A6F00B89500 /* FeaturedTabView.swift */; };
		1973CAF225BC7D4E00B89500 /* CategoryModel.swift in Sources */ = {isa = PBXBuildFile; fileRef = 1973CAF125BC7D4E00B89500 /* CategoryModel.swift */; };
		1973CAF525BC7E3E00B89500 /* CategoryItemView.swift in Sources */ = {isa = PBXBuildFile; fileRef = 1973CAF425BC7E3E00B89500 /* CategoryItemView.swift */; };
		1973CAF825BC7F2B00B89500 /* CategoryGridView.swift in Sources */ = {isa = PBXBuildFile; fileRef = 1973CAF725BC7F2B00B89500 /* CategoryGridView.swift */; };
		1973CAFB25BC806500B89500 /* SectionView.swift in Sources */ = {isa = PBXBuildFile; fileRef = 1973CAFA25BC806500B89500 /* SectionView.swift */; };
/* End PBXBuildFile section */

/* Begin PBXFileReference section */
		192446DC25BC50320021B6DB /* NavigationBarView.swift */ = {isa = PBXFileReference; lastKnownFileType = sourcecode.swift; path = NavigationBarView.swift; sourceTree = "<group>"; };
		192446DF25BC50F60021B6DB /* LogoView.swift */ = {isa = PBXFileReference; lastKnownFileType = sourcecode.swift; path = LogoView.swift; sourceTree = "<group>"; };
		1966470025BC3FA600B11E0B /* TouchDown.app */ = {isa = PBXFileReference; explicitFileType = wrapper.application; includeInIndex = 0; path = TouchDown.app; sourceTree = BUILT_PRODUCTS_DIR; };
		1966470325BC3FA600B11E0B /* TouchDownApp.swift */ = {isa = PBXFileReference; lastKnownFileType = sourcecode.swift; path = TouchDownApp.swift; sourceTree = "<group>"; };
		1966470525BC3FA600B11E0B /* HomeView.swift */ = {isa = PBXFileReference; lastKnownFileType = sourcecode.swift; path = HomeView.swift; sourceTree = "<group>"; };
		1966470725BC3FA700B11E0B /* Assets.xcassets */ = {isa = PBXFileReference; lastKnownFileType = folder.assetcatalog; path = Assets.xcassets; sourceTree = "<group>"; };
		1966470A25BC3FA700B11E0B /* Preview Assets.xcassets */ = {isa = PBXFileReference; lastKnownFileType = folder.assetcatalog; path = "Preview Assets.xcassets"; sourceTree = "<group>"; };
		1966470C25BC3FA700B11E0B /* Info.plist */ = {isa = PBXFileReference; lastKnownFileType = text.plist.xml; path = Info.plist; sourceTree = "<group>"; };
		1966471525BC476000B11E0B /* category.json */ = {isa = PBXFileReference; fileEncoding = 4; lastKnownFileType = text.json; path = category.json; sourceTree = "<group>"; };
		1966471625BC476000B11E0B /* player.json */ = {isa = PBXFileReference; fileEncoding = 4; lastKnownFileType = text.json; path = player.json; sourceTree = "<group>"; };
		1966471725BC476000B11E0B /* product.json */ = {isa = PBXFileReference; fileEncoding = 4; lastKnownFileType = text.json; path = product.json; sourceTree = "<group>"; };
		1966471825BC476000B11E0B /* brand.json */ = {isa = PBXFileReference; fileEncoding = 4; lastKnownFileType = text.json; path = brand.json; sourceTree = "<group>"; };
		1966472625BC492500B11E0B /* Constant.swift */ = {isa = PBXFileReference; lastKnownFileType = sourcecode.swift; path = Constant.swift; sourceTree = "<group>"; };
		1966472A25BC49D200B11E0B /* FooterView.swift */ = {isa = PBXFileReference; lastKnownFileType = sourcecode.swift; path = FooterView.swift; sourceTree = "<group>"; };
		1973CAE525BC78C300B89500 /* PlayerModel.swift */ = {isa = PBXFileReference; lastKnownFileType = sourcecode.swift; path = PlayerModel.swift; sourceTree = "<group>"; };
		1973CAE825BC78E900B89500 /* CodableBundleExtension.swift */ = {isa = PBXFileReference; lastKnownFileType = sourcecode.swift; path = CodableBundleExtension.swift; sourceTree = "<group>"; };
		1973CAEB25BC79F900B89500 /* FeaturedItemView.swift */ = {isa = PBXFileReference; lastKnownFileType = sourcecode.swift; path = FeaturedItemView.swift; sourceTree = "<group>"; };
		1973CAEE25BC7A6F00B89500 /* FeaturedTabView.swift */ = {isa = PBXFileReference; lastKnownFileType = sourcecode.swift; path = FeaturedTabView.swift; sourceTree = "<group>"; };
		1973CAF125BC7D4E00B89500 /* CategoryModel.swift */ = {isa = PBXFileReference; lastKnownFileType = sourcecode.swift; path = CategoryModel.swift; sourceTree = "<group>"; };
		1973CAF425BC7E3E00B89500 /* CategoryItemView.swift */ = {isa = PBXFileReference; lastKnownFileType = sourcecode.swift; path = CategoryItemView.swift; sourceTree = "<group>"; };
		1973CAF725BC7F2B00B89500 /* CategoryGridView.swift */ = {isa = PBXFileReference; lastKnownFileType = sourcecode.swift; path = CategoryGridView.swift; sourceTree = "<group>"; };
		1973CAFA25BC806500B89500 /* SectionView.swift */ = {isa = PBXFileReference; lastKnownFileType = sourcecode.swift; path = SectionView.swift; sourceTree = "<group>"; };
/* End PBXFileReference section */

/* Begin PBXFrameworksBuildPhase section */
		196646FD25BC3FA600B11E0B /* Frameworks */ = {
			isa = PBXFrameworksBuildPhase;
			buildActionMask = 2147483647;
			files = (
			);
			runOnlyForDeploymentPostprocessing = 0;
		};
/* End PBXFrameworksBuildPhase section */

/* Begin PBXGroup section */
		196646F725BC3FA600B11E0B = {
			isa = PBXGroup;
			children = (
				1966470225BC3FA600B11E0B /* TouchDown */,
				1966470125BC3FA600B11E0B /* Products */,
			);
			sourceTree = "<group>";
		};
		1966470125BC3FA600B11E0B /* Products */ = {
			isa = PBXGroup;
			children = (
				1966470025BC3FA600B11E0B /* TouchDown.app */,
			);
			name = Products;
			sourceTree = "<group>";
		};
		1966470225BC3FA600B11E0B /* TouchDown */ = {
			isa = PBXGroup;
			children = (
				1966471F25BC487700B11E0B /* App */,
				1966472025BC489500B11E0B /* View */,
				1966471425BC475600B11E0B /* Data */,
				1966472325BC48B800B11E0B /* Model */,
				1966472425BC48BE00B11E0B /* Extension */,
				1966472525BC48C800B11E0B /* Utility */,
				1966470725BC3FA700B11E0B /* Assets.xcassets */,
				1966470C25BC3FA700B11E0B /* Info.plist */,
				1966470925BC3FA700B11E0B /* Preview Content */,
			);
			path = TouchDown;
			sourceTree = "<group>";
		};
		1966470925BC3FA700B11E0B /* Preview Content */ = {
			isa = PBXGroup;
			children = (
				1966470A25BC3FA700B11E0B /* Preview Assets.xcassets */,
			);
			path = "Preview Content";
			sourceTree = "<group>";
		};
		1966471425BC475600B11E0B /* Data */ = {
			isa = PBXGroup;
			children = (
				1966471825BC476000B11E0B /* brand.json */,
				1966471525BC476000B11E0B /* category.json */,
				1966471625BC476000B11E0B /* player.json */,
				1966471725BC476000B11E0B /* product.json */,
			);
			path = Data;
			sourceTree = "<group>";
		};
		1966471F25BC487700B11E0B /* App */ = {
			isa = PBXGroup;
			children = (
				1966470325BC3FA600B11E0B /* TouchDownApp.swift */,
				1966470525BC3FA600B11E0B /* HomeView.swift */,
			);
			path = App;
			sourceTree = "<group>";
		};
		1966472025BC489500B11E0B /* View */ = {
			isa = PBXGroup;
			children = (
				1966472125BC48A300B11E0B /* Home */,
				1966472225BC48A800B11E0B /* Detail */,
			);
			path = View;
			sourceTree = "<group>";
		};
		1966472125BC48A300B11E0B /* Home */ = {
			isa = PBXGroup;
			children = (
				1966472A25BC49D200B11E0B /* FooterView.swift */,
				192446DC25BC50320021B6DB /* NavigationBarView.swift */,
				192446DF25BC50F60021B6DB /* LogoView.swift */,
				1973CAEB25BC79F900B89500 /* FeaturedItemView.swift */,
				1973CAEE25BC7A6F00B89500 /* FeaturedTabView.swift */,
				1973CAF425BC7E3E00B89500 /* CategoryItemView.swift */,
				1973CAF725BC7F2B00B89500 /* CategoryGridView.swift */,
				1973CAFA25BC806500B89500 /* SectionView.swift */,
			);
			path = Home;
			sourceTree = "<group>";
		};
		1966472225BC48A800B11E0B /* Detail */ = {
			isa = PBXGroup;
			children = (
			);
			path = Detail;
			sourceTree = "<group>";
		};
		1966472325BC48B800B11E0B /* Model */ = {
			isa = PBXGroup;
			children = (
				1973CAE525BC78C300B89500 /* PlayerModel.swift */,
				1973CAF125BC7D4E00B89500 /* CategoryModel.swift */,
			);
			path = Model;
			sourceTree = "<group>";
		};
		1966472425BC48BE00B11E0B /* Extension */ = {
			isa = PBXGroup;
			children = (
				1973CAE825BC78E900B89500 /* CodableBundleExtension.swift */,
			);
			path = Extension;
			sourceTree = "<group>";
		};
		1966472525BC48C800B11E0B /* Utility */ = {
			isa = PBXGroup;
			children = (
				1966472625BC492500B11E0B /* Constant.swift */,
			);
			path = Utility;
			sourceTree = "<group>";
		};
/* End PBXGroup section */

/* Begin PBXNativeTarget section */
		196646FF25BC3FA600B11E0B /* TouchDown */ = {
			isa = PBXNativeTarget;
			buildConfigurationList = 1966470F25BC3FA700B11E0B /* Build configuration list for PBXNativeTarget "TouchDown" */;
			buildPhases = (
				196646FC25BC3FA600B11E0B /* Sources */,
				196646FD25BC3FA600B11E0B /* Frameworks */,
				196646FE25BC3FA600B11E0B /* Resources */,
			);
			buildRules = (
			);
			dependencies = (
			);
			name = TouchDown;
			productName = TouchDown;
			productReference = 1966470025BC3FA600B11E0B /* TouchDown.app */;
			productType = "com.apple.product-type.application";
		};
/* End PBXNativeTarget section */

/* Begin PBXProject section */
		196646F825BC3FA600B11E0B /* Project object */ = {
			isa = PBXProject;
			attributes = {
				LastSwiftUpdateCheck = 1230;
				LastUpgradeCheck = 1230;
				TargetAttributes = {
					196646FF25BC3FA600B11E0B = {
						CreatedOnToolsVersion = 12.3;
					};
				};
			};
			buildConfigurationList = 196646FB25BC3FA600B11E0B /* Build configuration list for PBXProject "TouchDown" */;
			compatibilityVersion = "Xcode 9.3";
			developmentRegion = en;
			hasScannedForEncodings = 0;
			knownRegions = (
				en,
				Base,
			);
			mainGroup = 196646F725BC3FA600B11E0B;
			productRefGroup = 1966470125BC3FA600B11E0B /* Products */;
			projectDirPath = "";
			projectRoot = "";
			targets = (
				196646FF25BC3FA600B11E0B /* TouchDown */,
			);
		};
/* End PBXProject section */

/* Begin PBXResourcesBuildPhase section */
		196646FE25BC3FA600B11E0B /* Resources */ = {
			isa = PBXResourcesBuildPhase;
			buildActionMask = 2147483647;
			files = (
				1966471A25BC476000B11E0B /* player.json in Resources */,
				1966471925BC476000B11E0B /* category.json in Resources */,
				1966470B25BC3FA700B11E0B /* Preview Assets.xcassets in Resources */,
				1966470825BC3FA700B11E0B /* Assets.xcassets in Resources */,
				1966471B25BC476000B11E0B /* product.json in Resources */,
				1966471C25BC476000B11E0B /* brand.json in Resources */,
			);
			runOnlyForDeploymentPostprocessing = 0;
		};
/* End PBXResourcesBuildPhase section */

/* Begin PBXSourcesBuildPhase section */
		196646FC25BC3FA600B11E0B /* Sources */ = {
			isa = PBXSourcesBuildPhase;
			buildActionMask = 2147483647;
			files = (
				1973CAE925BC78E900B89500 /* CodableBundleExtension.swift in Sources */,
				1966470625BC3FA600B11E0B /* HomeView.swift in Sources */,
				192446E025BC50F60021B6DB /* LogoView.swift in Sources */,
				1966472B25BC49D200B11E0B /* FooterView.swift in Sources */,
				1973CAEC25BC79F900B89500 /* FeaturedItemView.swift in Sources */,
				1966470425BC3FA600B11E0B /* TouchDownApp.swift in Sources */,
				1966472725BC492500B11E0B /* Constant.swift in Sources */,
				1973CAF825BC7F2B00B89500 /* CategoryGridView.swift in Sources */,
				1973CAF225BC7D4E00B89500 /* CategoryModel.swift in Sources */,
				192446DD25BC50320021B6DB /* NavigationBarView.swift in Sources */,
				1973CAFB25BC806500B89500 /* SectionView.swift in Sources */,
				1973CAF525BC7E3E00B89500 /* CategoryItemView.swift in Sources */,
				1973CAEF25BC7A6F00B89500 /* FeaturedTabView.swift in Sources */,
				1973CAE625BC78C300B89500 /* PlayerModel.swift in Sources */,
			);
			runOnlyForDeploymentPostprocessing = 0;
		};
/* End PBXSourcesBuildPhase section */

/* Begin XCBuildConfiguration section */
		1966470D25BC3FA700B11E0B /* Debug */ = {
			isa = XCBuildConfiguration;
			buildSettings = {
				ALWAYS_SEARCH_USER_PATHS = NO;
				CLANG_ANALYZER_NONNULL = YES;
				CLANG_ANALYZER_NUMBER_OBJECT_CONVERSION = YES_AGGRESSIVE;
				CLANG_CXX_LANGUAGE_STANDARD = "gnu++14";
				CLANG_CXX_LIBRARY = "libc++";
				CLANG_ENABLE_MODULES = YES;
				CLANG_ENABLE_OBJC_ARC = YES;
				CLANG_ENABLE_OBJC_WEAK = YES;
				CLANG_WARN_BLOCK_CAPTURE_AUTORELEASING = YES;
				CLANG_WARN_BOOL_CONVERSION = YES;
				CLANG_WARN_COMMA = YES;
				CLANG_WARN_CONSTANT_CONVERSION = YES;
				CLANG_WARN_DEPRECATED_OBJC_IMPLEMENTATIONS = YES;
				CLANG_WARN_DIRECT_OBJC_ISA_USAGE = YES_ERROR;
				CLANG_WARN_DOCUMENTATION_COMMENTS = YES;
				CLANG_WARN_EMPTY_BODY = YES;
				CLANG_WARN_ENUM_CONVERSION = YES;
				CLANG_WARN_INFINITE_RECURSION = YES;
				CLANG_WARN_INT_CONVERSION = YES;
				CLANG_WARN_NON_LITERAL_NULL_CONVERSION = YES;
				CLANG_WARN_OBJC_IMPLICIT_RETAIN_SELF = YES;
				CLANG_WARN_OBJC_LITERAL_CONVERSION = YES;
				CLANG_WARN_OBJC_ROOT_CLASS = YES_ERROR;
				CLANG_WARN_QUOTED_INCLUDE_IN_FRAMEWORK_HEADER = YES;
				CLANG_WARN_RANGE_LOOP_ANALYSIS = YES;
				CLANG_WARN_STRICT_PROTOTYPES = YES;
				CLANG_WARN_SUSPICIOUS_MOVE = YES;
				CLANG_WARN_UNGUARDED_AVAILABILITY = YES_AGGRESSIVE;
				CLANG_WARN_UNREACHABLE_CODE = YES;
				CLANG_WARN__DUPLICATE_METHOD_MATCH = YES;
				COPY_PHASE_STRIP = NO;
				DEBUG_INFORMATION_FORMAT = dwarf;
				ENABLE_STRICT_OBJC_MSGSEND = YES;
				ENABLE_TESTABILITY = YES;
				GCC_C_LANGUAGE_STANDARD = gnu11;
				GCC_DYNAMIC_NO_PIC = NO;
				GCC_NO_COMMON_BLOCKS = YES;
				GCC_OPTIMIZATION_LEVEL = 0;
				GCC_PREPROCESSOR_DEFINITIONS = (
					"DEBUG=1",
					"$(inherited)",
				);
				GCC_WARN_64_TO_32_BIT_CONVERSION = YES;
				GCC_WARN_ABOUT_RETURN_TYPE = YES_ERROR;
				GCC_WARN_UNDECLARED_SELECTOR = YES;
				GCC_WARN_UNINITIALIZED_AUTOS = YES_AGGRESSIVE;
				GCC_WARN_UNUSED_FUNCTION = YES;
				GCC_WARN_UNUSED_VARIABLE = YES;
				IPHONEOS_DEPLOYMENT_TARGET = 14.3;
				MTL_ENABLE_DEBUG_INFO = INCLUDE_SOURCE;
				MTL_FAST_MATH = YES;
				ONLY_ACTIVE_ARCH = YES;
				SDKROOT = iphoneos;
				SWIFT_ACTIVE_COMPILATION_CONDITIONS = DEBUG;
				SWIFT_OPTIMIZATION_LEVEL = "-Onone";
			};
			name = Debug;
		};
		1966470E25BC3FA700B11E0B /* Release */ = {
			isa = XCBuildConfiguration;
			buildSettings = {
				ALWAYS_SEARCH_USER_PATHS = NO;
				CLANG_ANALYZER_NONNULL = YES;
				CLANG_ANALYZER_NUMBER_OBJECT_CONVERSION = YES_AGGRESSIVE;
				CLANG_CXX_LANGUAGE_STANDARD = "gnu++14";
				CLANG_CXX_LIBRARY = "libc++";
				CLANG_ENABLE_MODULES = YES;
				CLANG_ENABLE_OBJC_ARC = YES;
				CLANG_ENABLE_OBJC_WEAK = YES;
				CLANG_WARN_BLOCK_CAPTURE_AUTORELEASING = YES;
				CLANG_WARN_BOOL_CONVERSION = YES;
				CLANG_WARN_COMMA = YES;
				CLANG_WARN_CONSTANT_CONVERSION = YES;
				CLANG_WARN_DEPRECATED_OBJC_IMPLEMENTATIONS = YES;
				CLANG_WARN_DIRECT_OBJC_ISA_USAGE = YES_ERROR;
				CLANG_WARN_DOCUMENTATION_COMMENTS = YES;
				CLANG_WARN_EMPTY_BODY = YES;
				CLANG_WARN_ENUM_CONVERSION = YES;
				CLANG_WARN_INFINITE_RECURSION = YES;
				CLANG_WARN_INT_CONVERSION = YES;
				CLANG_WARN_NON_LITERAL_NULL_CONVERSION = YES;
				CLANG_WARN_OBJC_IMPLICIT_RETAIN_SELF = YES;
				CLANG_WARN_OBJC_LITERAL_CONVERSION = YES;
				CLANG_WARN_OBJC_ROOT_CLASS = YES_ERROR;
				CLANG_WARN_QUOTED_INCLUDE_IN_FRAMEWORK_HEADER = YES;
				CLANG_WARN_RANGE_LOOP_ANALYSIS = YES;
				CLANG_WARN_STRICT_PROTOTYPES = YES;
				CLANG_WARN_SUSPICIOUS_MOVE = YES;
				CLANG_WARN_UNGUARDED_AVAILABILITY = YES_AGGRESSIVE;
				CLANG_WARN_UNREACHABLE_CODE = YES;
				CLANG_WARN__DUPLICATE_METHOD_MATCH = YES;
				COPY_PHASE_STRIP = NO;
				DEBUG_INFORMATION_FORMAT = "dwarf-with-dsym";
				ENABLE_NS_ASSERTIONS = NO;
				ENABLE_STRICT_OBJC_MSGSEND = YES;
				GCC_C_LANGUAGE_STANDARD = gnu11;
				GCC_NO_COMMON_BLOCKS = YES;
				GCC_WARN_64_TO_32_BIT_CONVERSION = YES;
				GCC_WARN_ABOUT_RETURN_TYPE = YES_ERROR;
				GCC_WARN_UNDECLARED_SELECTOR = YES;
				GCC_WARN_UNINITIALIZED_AUTOS = YES_AGGRESSIVE;
				GCC_WARN_UNUSED_FUNCTION = YES;
				GCC_WARN_UNUSED_VARIABLE = YES;
				IPHONEOS_DEPLOYMENT_TARGET = 14.3;
				MTL_ENABLE_DEBUG_INFO = NO;
				MTL_FAST_MATH = YES;
				SDKROOT = iphoneos;
				SWIFT_COMPILATION_MODE = wholemodule;
				SWIFT_OPTIMIZATION_LEVEL = "-O";
				VALIDATE_PRODUCT = YES;
			};
			name = Release;
		};
		1966471025BC3FA700B11E0B /* Debug */ = {
			isa = XCBuildConfiguration;
			buildSettings = {
				ASSETCATALOG_COMPILER_APPICON_NAME = AppIcon;
				ASSETCATALOG_COMPILER_GLOBAL_ACCENT_COLOR_NAME = AccentColor;
				CODE_SIGN_STYLE = Automatic;
				DEVELOPMENT_ASSET_PATHS = "\"TouchDown/Preview Content\"";
				ENABLE_PREVIEWS = YES;
				INFOPLIST_FILE = TouchDown/Info.plist;
				IPHONEOS_DEPLOYMENT_TARGET = 14.0;
				LD_RUNPATH_SEARCH_PATHS = (
					"$(inherited)",
					"@executable_path/Frameworks",
				);
				PRODUCT_BUNDLE_IDENTIFIER = com.celapps.TouchDown;
				PRODUCT_NAME = "$(TARGET_NAME)";
				SWIFT_VERSION = 5.0;
				TARGETED_DEVICE_FAMILY = 1;
			};
			name = Debug;
		};
		1966471125BC3FA700B11E0B /* Release */ = {
			isa = XCBuildConfiguration;
			buildSettings = {
				ASSETCATALOG_COMPILER_APPICON_NAME = AppIcon;
				ASSETCATALOG_COMPILER_GLOBAL_ACCENT_COLOR_NAME = AccentColor;
				CODE_SIGN_STYLE = Automatic;
				DEVELOPMENT_ASSET_PATHS = "\"TouchDown/Preview Content\"";
				ENABLE_PREVIEWS = YES;
				INFOPLIST_FILE = TouchDown/Info.plist;
				IPHONEOS_DEPLOYMENT_TARGET = 14.0;
				LD_RUNPATH_SEARCH_PATHS = (
					"$(inherited)",
					"@executable_path/Frameworks",
				);
				PRODUCT_BUNDLE_IDENTIFIER = com.celapps.TouchDown;
				PRODUCT_NAME = "$(TARGET_NAME)";
				SWIFT_VERSION = 5.0;
				TARGETED_DEVICE_FAMILY = 1;
			};
			name = Release;
		};
/* End XCBuildConfiguration section */

/* Begin XCConfigurationList section */
		196646FB25BC3FA600B11E0B /* Build configuration list for PBXProject "TouchDown" */ = {
			isa = XCConfigurationList;
			buildConfigurations = (
				1966470D25BC3FA700B11E0B /* Debug */,
				1966470E25BC3FA700B11E0B /* Release */,
			);
			defaultConfigurationIsVisible = 0;
			defaultConfigurationName = Release;
		};
		1966470F25BC3FA700B11E0B /* Build configuration list for PBXNativeTarget "TouchDown" */ = {
			isa = XCConfigurationList;
			buildConfigurations = (
				1966471025BC3FA700B11E0B /* Debug */,
				1966471125BC3FA700B11E0B /* Release */,
			);
			defaultConfigurationIsVisible = 0;
			defaultConfigurationName = Release;
		};
/* End XCConfigurationList section */
	};
	rootObject = 196646F825BC3FA600B11E0B /* Project object */;
}
